
Microsoft Visual Studio Solution File, Format Version 12.00
# Visual Studio Version 16
VisualStudioVersion = 16.0.30711.63
MinimumVisualStudioVersion = 10.0.40219.1
Project("{9A19103F-16F7-4668-BE54-9A1E7A4F7556}") = "Azure.Messaging.EventHubs.Processor.Perf", "Azure.Messaging.EventHubs.Processor.Perf.csproj", "{4FE5C5E6-5EEE-4377-868D-62DB9B6CB7C4}"
EndProject
Project("{9A19103F-16F7-4668-BE54-9A1E7A4F7556}") = "Azure.Messaging.EventHubs.Processor", "..\src\Azure.Messaging.EventHubs.Processor.csproj", "{73971711-2B93-4E85-9B81-17DDA01B79BB}"
EndProject
Project("{9A19103F-16F7-4668-BE54-9A1E7A4F7556}") = "Azure.Test.Perf", "..\..\..\..\common\Perf\Azure.Test.Perf\Azure.Test.Perf.csproj", "{A5285723-A2EB-41B3-9DB0-BAF1D7229B18}"
EndProject
Global
	GlobalSection(SolutionConfigurationPlatforms) = preSolution
		Debug|Any CPU = Debug|Any CPU
		Release|Any CPU = Release|Any CPU
	EndGlobalSection
	GlobalSection(ProjectConfigurationPlatforms) = postSolution
		{4FE5C5E6-5EEE-4377-868D-62DB9B6CB7C4}.Debug|Any CPU.ActiveCfg = Debug|Any CPU
		{4FE5C5E6-5EEE-4377-868D-62DB9B6CB7C4}.Debug|Any CPU.Build.0 = Debug|Any CPU
		{4FE5C5E6-5EEE-4377-868D-62DB9B6CB7C4}.Release|Any CPU.ActiveCfg = Release|Any CPU
		{4FE5C5E6-5EEE-4377-868D-62DB9B6CB7C4}.Release|Any CPU.Build.0 = Release|Any CPU
		{73971711-2B93-4E85-9B81-17DDA01B79BB}.Debug|Any CPU.ActiveCfg = Debug|Any CPU
		{73971711-2B93-4E85-9B81-17DDA01B79BB}.Debug|Any CPU.Build.0 = Debug|Any CPU
		{73971711-2B93-4E85-9B81-17DDA01B79BB}.Release|Any CPU.ActiveCfg = Release|Any CPU
		{73971711-2B93-4E85-9B81-17DDA01B79BB}.Release|Any CPU.Build.0 = Release|Any CPU
		{A5285723-A2EB-41B3-9DB0-BAF1D7229B18}.Debug|Any CPU.ActiveCfg = Debug|Any CPU
		{A5285723-A2EB-41B3-9DB0-BAF1D7229B18}.Debug|Any CPU.Build.0 = Debug|Any CPU
		{A5285723-A2EB-41B3-9DB0-BAF1D7229B18}.Release|Any CPU.ActiveCfg = Release|Any CPU
		{A5285723-A2EB-41B3-9DB0-BAF1D7229B18}.Release|Any CPU.Build.0 = Release|Any CPU
	EndGlobalSection
	GlobalSection(SolutionProperties) = preSolution
		HideSolutionNode = FALSE
	EndGlobalSection
	GlobalSection(ExtensibilityGlobals) = postSolution
		SolutionGuid = {08A419AE-EDAA-4050-9D4C-773AD37F9EA7}
	EndGlobalSection
EndGlobal
